
Microsoft Visual Studio Solution File, Format Version 12.00
# Visual Studio Version 16
VisualStudioVersion = 16.0.29613.14
MinimumVisualStudioVersion = 10.0.40219.1
Project("{FAE04EC0-301F-11D3-BF4B-00C04F79EFBC}") = "BlazorClientAD.Server", "BlazorClientAD\Server\BlazorClientAD.Server.csproj", "{B8C2A06D-EF70-42A0-B898-18C973F6AA34}"
EndProject
Project("{FAE04EC0-301F-11D3-BF4B-00C04F79EFBC}") = "BlazorClientAD.Client", "BlazorClientAD\Client\BlazorClientAD.Client.csproj", "{4D6C7323-4217-497A-871C-B09B3DE36D33}"
EndProject
Project("{FAE04EC0-301F-11D3-BF4B-00C04F79EFBC}") = "BlazorClientAD.Shared", "BlazorClientAD\Shared\BlazorClientAD.Shared.csproj", "{DBF1151A-147B-4525-AF1E-AE5813FA2240}"
EndProject
Global
	GlobalSection(SolutionConfigurationPlatforms) = preSolution
		Debug|Any CPU = Debug|Any CPU
		Release|Any CPU = Release|Any CPU
	EndGlobalSection
	GlobalSection(ProjectConfigurationPlatforms) = postSolution
		{B8C2A06D-EF70-42A0-B898-18C973F6AA34}.Debug|Any CPU.ActiveCfg = Debug|Any CPU
		{B8C2A06D-EF70-42A0-B898-18C973F6AA34}.Debug|Any CPU.Build.0 = Debug|Any CPU
		{B8C2A06D-EF70-42A0-B898-18C973F6AA34}.Release|Any CPU.ActiveCfg = Release|Any CPU
		{B8C2A06D-EF70-42A0-B898-18C973F6AA34}.Release|Any CPU.Build.0 = Release|Any CPU
		{4D6C7323-4217-497A-871C-B09B3DE36D33}.Debug|Any CPU.ActiveCfg = Debug|Any CPU
		{4D6C7323-4217-497A-871C-B09B3DE36D33}.Debug|Any CPU.Build.0 = Debug|Any CPU
		{4D6C7323-4217-497A-871C-B09B3DE36D33}.Release|Any CPU.ActiveCfg = Release|Any CPU
		{4D6C7323-4217-497A-871C-B09B3DE36D33}.Release|Any CPU.Build.0 = Release|Any CPU
		{DBF1151A-147B-4525-AF1E-AE5813FA2240}.Debug|Any CPU.ActiveCfg = Debug|Any CPU
		{DBF1151A-147B-4525-AF1E-AE5813FA2240}.Debug|Any CPU.Build.0 = Debug|Any CPU
		{DBF1151A-147B-4525-AF1E-AE5813FA2240}.Release|Any CPU.ActiveCfg = Release|Any CPU
		{DBF1151A-147B-4525-AF1E-AE5813FA2240}.Release|Any CPU.Build.0 = Release|Any CPU
	EndGlobalSection
	GlobalSection(SolutionProperties) = preSolution
		HideSolutionNode = FALSE
	EndGlobalSection
	GlobalSection(ExtensibilityGlobals) = postSolution
		SolutionGuid = {9F38D2EE-D89F-4BEA-AC89-32B9151D3B10}
	EndGlobalSection
EndGlobal
