
Microsoft Visual Studio Solution File, Format Version 12.00
# Visual Studio Version 16
VisualStudioVersion = 16.0.29609.76
MinimumVisualStudioVersion = 10.0.40219.1
Project("{FAE04EC0-301F-11D3-BF4B-00C04F79EFBC}") = "BlazorCookieAuth", "BlazorCookieAuth\BlazorCookieAuth.csproj", "{4682298F-A249-4EE5-A6D3-8B4E5B5F3357}"
EndProject
Global
	GlobalSection(SolutionConfigurationPlatforms) = preSolution
		Debug|Any CPU = Debug|Any CPU
		Release|Any CPU = Release|Any CPU
	EndGlobalSection
	GlobalSection(ProjectConfigurationPlatforms) = postSolution
		{4682298F-A249-4EE5-A6D3-8B4E5B5F3357}.Debug|Any CPU.ActiveCfg = Debug|Any CPU
		{4682298F-A249-4EE5-A6D3-8B4E5B5F3357}.Debug|Any CPU.Build.0 = Debug|Any CPU
		{4682298F-A249-4EE5-A6D3-8B4E5B5F3357}.Release|Any CPU.ActiveCfg = Release|Any CPU
		{4682298F-A249-4EE5-A6D3-8B4E5B5F3357}.Release|Any CPU.Build.0 = Release|Any CPU
	EndGlobalSection
	GlobalSection(SolutionProperties) = preSolution
		HideSolutionNode = FALSE
	EndGlobalSection
	GlobalSection(ExtensibilityGlobals) = postSolution
		SolutionGuid = {A0275E26-706B-4246-A085-0F4E524B841F}
	EndGlobalSection
EndGlobal
