
Microsoft Visual Studio Solution File, Format Version 12.00
# Visual Studio Version 16
VisualStudioVersion = 16.0.29230.61
MinimumVisualStudioVersion = 10.0.40219.1
Project("{9A19103F-16F7-4668-BE54-9A1E7A4F7556}") = "Weather", "Weather\Weather.csproj", "{05243199-5F2F-4740-9D21-0BFDB48AB61D}"
EndProject
Project("{9A19103F-16F7-4668-BE54-9A1E7A4F7556}") = "WeatherClientLib", "WeatherClientLib\WeatherClientLib.csproj", "{8DBFC0A0-92B9-4D38-92BA-B8701DC385A6}"
EndProject
Project("{9A19103F-16F7-4668-BE54-9A1E7A4F7556}") = "BlazorWeather.WebAssembly", "BlazorWeather.WebAssembly\BlazorWeather.WebAssembly.csproj", "{C99B6611-73D8-43D9-8C6B-0A7910359C87}"
EndProject
Project("{9A19103F-16F7-4668-BE54-9A1E7A4F7556}") = "BlazorWeather.Server", "BlazorWeather.Server\BlazorWeather.Server.csproj", "{4A30CEB9-93E2-46A9-8D6C-EA5E6D164F38}"
EndProject
Project("{9A19103F-16F7-4668-BE54-9A1E7A4F7556}") = "BlazorWeather.Core", "BlazorWeather.Core\BlazorWeather.Core.csproj", "{E6992C7C-67D1-4664-B7AD-BFA8E116DBC9}"
EndProject
Project("{9A19103F-16F7-4668-BE54-9A1E7A4F7556}") = "BlazorWeather.Electron", "BlazorWeather.Electron\BlazorWeather.Electron.csproj", "{F2B6D15B-252A-48C9-B20D-1116D6671731}"
EndProject
Project("{2150E333-8FDC-42A3-9474-1A3956D46DE8}") = "Blazor", "Blazor", "{0CA8B278-896C-4D5D-9829-A4A9E92F166D}"
EndProject
Project("{2150E333-8FDC-42A3-9474-1A3956D46DE8}") = "1", "1", "{51A6DBEC-8B7F-413C-A1F9-486340283779}"
EndProject
Project("{2150E333-8FDC-42A3-9474-1A3956D46DE8}") = "2", "2", "{A37C7BFA-CE3F-409C-B980-A0C31CC22AB7}"
EndProject
Project("{2150E333-8FDC-42A3-9474-1A3956D46DE8}") = "3", "3", "{40C8CD07-6D58-4D90-8F44-F1226A0E1149}"
EndProject
Project("{9A19103F-16F7-4668-BE54-9A1E7A4F7556}") = "WeatherServiceML.Model", "WeatherServiceML.Model\WeatherServiceML.Model.csproj", "{EDC9A849-42FC-49FA-87EB-5297C9EF8D1A}"
EndProject
Project("{2150E333-8FDC-42A3-9474-1A3956D46DE8}") = "Desktop", "Desktop", "{7780DE6F-1053-49D0-9B64-4E6E4F2B817B}"
EndProject
Project("{2150E333-8FDC-42A3-9474-1A3956D46DE8}") = "Xamarin", "Xamarin", "{1F8F6A7B-7261-421E-A0FA-9CEC93FA73D2}"
EndProject
Project("{9A19103F-16F7-4668-BE54-9A1E7A4F7556}") = "Weather.MobileCore", "Mobile\Weather.MobileCore\Weather.MobileCore.csproj", "{593DAADD-39E1-4971-8890-14BBA1EC0502}"
EndProject
Project("{FAE04EC0-301F-11D3-BF4B-00C04F79EFBC}") = "Weather.Android", "Mobile\Weather.Android\Weather.Android.csproj", "{6641CFA3-5305-49F7-B39D-6495FB9EDA9A}"
EndProject
Project("{FAE04EC0-301F-11D3-BF4B-00C04F79EFBC}") = "Weather.iOS", "Mobile\Weather.iOS\Weather.iOS.csproj", "{AEACAE92-8FE2-4E58-8394-93ABF8B0DC64}"
EndProject
Project("{9A19103F-16F7-4668-BE54-9A1E7A4F7556}") = "WeatherClientRestLib", "WeatherClientRestLib\WeatherClientRestLib.csproj", "{05B347B3-8A65-48C3-BA5E-30C80AF99597}"
EndProject
Project("{2150E333-8FDC-42A3-9474-1A3956D46DE8}") = "Server", "Server", "{AACEE763-2297-4993-A91D-E2D21788B1C1}"
EndProject
Project("{2150E333-8FDC-42A3-9474-1A3956D46DE8}") = "Solution Items", "Solution Items", "{FA29861E-6BD1-43E0-B528-2799A701A6EC}"
	ProjectSection(SolutionItems) = preProject
		README.md = README.md
	EndProjectSection
EndProject
Project("{FAE04EC0-301F-11D3-BF4B-00C04F79EFBC}") = "WinFormsClient", "WinFormsFxClient\WinFormsClient.csproj", "{5549BCD6-A213-463D-8E66-714001D974E1}"
EndProject
Project("{2150E333-8FDC-42A3-9474-1A3956D46DE8}") = "MachineLearning", "MachineLearning", "{EDB7982A-CB03-4719-B5C3-C042DE098DEA}"
EndProject
Project("{9A19103F-16F7-4668-BE54-9A1E7A4F7556}") = "WeatherServiceML.Abstractions", "WeatherServiceML.Abstractions\WeatherServiceML.Abstractions.csproj", "{6CDB008A-1D8B-4953-9995-70EA9C63414B}"
EndProject
Global
	GlobalSection(SolutionConfigurationPlatforms) = preSolution
		Debug|Any CPU = Debug|Any CPU
		Debug|iPhone = Debug|iPhone
		Debug|iPhoneSimulator = Debug|iPhoneSimulator
		Release|Any CPU = Release|Any CPU
		Release|iPhone = Release|iPhone
		Release|iPhoneSimulator = Release|iPhoneSimulator
	EndGlobalSection
	GlobalSection(ProjectConfigurationPlatforms) = postSolution
		{05243199-5F2F-4740-9D21-0BFDB48AB61D}.Debug|Any CPU.ActiveCfg = Debug|Any CPU
		{05243199-5F2F-4740-9D21-0BFDB48AB61D}.Debug|Any CPU.Build.0 = Debug|Any CPU
		{05243199-5F2F-4740-9D21-0BFDB48AB61D}.Debug|iPhone.ActiveCfg = Debug|Any CPU
		{05243199-5F2F-4740-9D21-0BFDB48AB61D}.Debug|iPhone.Build.0 = Debug|Any CPU
		{05243199-5F2F-4740-9D21-0BFDB48AB61D}.Debug|iPhoneSimulator.ActiveCfg = Debug|Any CPU
		{05243199-5F2F-4740-9D21-0BFDB48AB61D}.Debug|iPhoneSimulator.Build.0 = Debug|Any CPU
		{05243199-5F2F-4740-9D21-0BFDB48AB61D}.Release|Any CPU.ActiveCfg = Release|Any CPU
		{05243199-5F2F-4740-9D21-0BFDB48AB61D}.Release|Any CPU.Build.0 = Release|Any CPU
		{05243199-5F2F-4740-9D21-0BFDB48AB61D}.Release|iPhone.ActiveCfg = Release|Any CPU
		{05243199-5F2F-4740-9D21-0BFDB48AB61D}.Release|iPhone.Build.0 = Release|Any CPU
		{05243199-5F2F-4740-9D21-0BFDB48AB61D}.Release|iPhoneSimulator.ActiveCfg = Release|Any CPU
		{05243199-5F2F-4740-9D21-0BFDB48AB61D}.Release|iPhoneSimulator.Build.0 = Release|Any CPU
		{8DBFC0A0-92B9-4D38-92BA-B8701DC385A6}.Debug|Any CPU.ActiveCfg = Debug|Any CPU
		{8DBFC0A0-92B9-4D38-92BA-B8701DC385A6}.Debug|Any CPU.Build.0 = Debug|Any CPU
		{8DBFC0A0-92B9-4D38-92BA-B8701DC385A6}.Debug|iPhone.ActiveCfg = Debug|Any CPU
		{8DBFC0A0-92B9-4D38-92BA-B8701DC385A6}.Debug|iPhone.Build.0 = Debug|Any CPU
		{8DBFC0A0-92B9-4D38-92BA-B8701DC385A6}.Debug|iPhoneSimulator.ActiveCfg = Debug|Any CPU
		{8DBFC0A0-92B9-4D38-92BA-B8701DC385A6}.Debug|iPhoneSimulator.Build.0 = Debug|Any CPU
		{8DBFC0A0-92B9-4D38-92BA-B8701DC385A6}.Release|Any CPU.ActiveCfg = Release|Any CPU
		{8DBFC0A0-92B9-4D38-92BA-B8701DC385A6}.Release|Any CPU.Build.0 = Release|Any CPU
		{8DBFC0A0-92B9-4D38-92BA-B8701DC385A6}.Release|iPhone.ActiveCfg = Release|Any CPU
		{8DBFC0A0-92B9-4D38-92BA-B8701DC385A6}.Release|iPhone.Build.0 = Release|Any CPU
		{8DBFC0A0-92B9-4D38-92BA-B8701DC385A6}.Release|iPhoneSimulator.ActiveCfg = Release|Any CPU
		{8DBFC0A0-92B9-4D38-92BA-B8701DC385A6}.Release|iPhoneSimulator.Build.0 = Release|Any CPU
		{C99B6611-73D8-43D9-8C6B-0A7910359C87}.Debug|Any CPU.ActiveCfg = Debug|Any CPU
		{C99B6611-73D8-43D9-8C6B-0A7910359C87}.Debug|Any CPU.Build.0 = Debug|Any CPU
		{C99B6611-73D8-43D9-8C6B-0A7910359C87}.Debug|iPhone.ActiveCfg = Debug|Any CPU
		{C99B6611-73D8-43D9-8C6B-0A7910359C87}.Debug|iPhone.Build.0 = Debug|Any CPU
		{C99B6611-73D8-43D9-8C6B-0A7910359C87}.Debug|iPhoneSimulator.ActiveCfg = Debug|Any CPU
		{C99B6611-73D8-43D9-8C6B-0A7910359C87}.Debug|iPhoneSimulator.Build.0 = Debug|Any CPU
		{C99B6611-73D8-43D9-8C6B-0A7910359C87}.Release|Any CPU.ActiveCfg = Release|Any CPU
		{C99B6611-73D8-43D9-8C6B-0A7910359C87}.Release|Any CPU.Build.0 = Release|Any CPU
		{C99B6611-73D8-43D9-8C6B-0A7910359C87}.Release|iPhone.ActiveCfg = Release|Any CPU
		{C99B6611-73D8-43D9-8C6B-0A7910359C87}.Release|iPhone.Build.0 = Release|Any CPU
		{C99B6611-73D8-43D9-8C6B-0A7910359C87}.Release|iPhoneSimulator.ActiveCfg = Release|Any CPU
		{C99B6611-73D8-43D9-8C6B-0A7910359C87}.Release|iPhoneSimulator.Build.0 = Release|Any CPU
		{4A30CEB9-93E2-46A9-8D6C-EA5E6D164F38}.Debug|Any CPU.ActiveCfg = Debug|Any CPU
		{4A30CEB9-93E2-46A9-8D6C-EA5E6D164F38}.Debug|Any CPU.Build.0 = Debug|Any CPU
		{4A30CEB9-93E2-46A9-8D6C-EA5E6D164F38}.Debug|iPhone.ActiveCfg = Debug|Any CPU
		{4A30CEB9-93E2-46A9-8D6C-EA5E6D164F38}.Debug|iPhone.Build.0 = Debug|Any CPU
		{4A30CEB9-93E2-46A9-8D6C-EA5E6D164F38}.Debug|iPhoneSimulator.ActiveCfg = Debug|Any CPU
		{4A30CEB9-93E2-46A9-8D6C-EA5E6D164F38}.Debug|iPhoneSimulator.Build.0 = Debug|Any CPU
		{4A30CEB9-93E2-46A9-8D6C-EA5E6D164F38}.Release|Any CPU.ActiveCfg = Release|Any CPU
		{4A30CEB9-93E2-46A9-8D6C-EA5E6D164F38}.Release|Any CPU.Build.0 = Release|Any CPU
		{4A30CEB9-93E2-46A9-8D6C-EA5E6D164F38}.Release|iPhone.ActiveCfg = Release|Any CPU
		{4A30CEB9-93E2-46A9-8D6C-EA5E6D164F38}.Release|iPhone.Build.0 = Release|Any CPU
		{4A30CEB9-93E2-46A9-8D6C-EA5E6D164F38}.Release|iPhoneSimulator.ActiveCfg = Release|Any CPU
		{4A30CEB9-93E2-46A9-8D6C-EA5E6D164F38}.Release|iPhoneSimulator.Build.0 = Release|Any CPU
		{E6992C7C-67D1-4664-B7AD-BFA8E116DBC9}.Debug|Any CPU.ActiveCfg = Debug|Any CPU
		{E6992C7C-67D1-4664-B7AD-BFA8E116DBC9}.Debug|Any CPU.Build.0 = Debug|Any CPU
		{E6992C7C-67D1-4664-B7AD-BFA8E116DBC9}.Debug|iPhone.ActiveCfg = Debug|Any CPU
		{E6992C7C-67D1-4664-B7AD-BFA8E116DBC9}.Debug|iPhone.Build.0 = Debug|Any CPU
		{E6992C7C-67D1-4664-B7AD-BFA8E116DBC9}.Debug|iPhoneSimulator.ActiveCfg = Debug|Any CPU
		{E6992C7C-67D1-4664-B7AD-BFA8E116DBC9}.Debug|iPhoneSimulator.Build.0 = Debug|Any CPU
		{E6992C7C-67D1-4664-B7AD-BFA8E116DBC9}.Release|Any CPU.ActiveCfg = Release|Any CPU
		{E6992C7C-67D1-4664-B7AD-BFA8E116DBC9}.Release|Any CPU.Build.0 = Release|Any CPU
		{E6992C7C-67D1-4664-B7AD-BFA8E116DBC9}.Release|iPhone.ActiveCfg = Release|Any CPU
		{E6992C7C-67D1-4664-B7AD-BFA8E116DBC9}.Release|iPhone.Build.0 = Release|Any CPU
		{E6992C7C-67D1-4664-B7AD-BFA8E116DBC9}.Release|iPhoneSimulator.ActiveCfg = Release|Any CPU
		{E6992C7C-67D1-4664-B7AD-BFA8E116DBC9}.Release|iPhoneSimulator.Build.0 = Release|Any CPU
		{F2B6D15B-252A-48C9-B20D-1116D6671731}.Debug|Any CPU.ActiveCfg = Debug|Any CPU
		{F2B6D15B-252A-48C9-B20D-1116D6671731}.Debug|Any CPU.Build.0 = Debug|Any CPU
		{F2B6D15B-252A-48C9-B20D-1116D6671731}.Debug|iPhone.ActiveCfg = Debug|Any CPU
		{F2B6D15B-252A-48C9-B20D-1116D6671731}.Debug|iPhone.Build.0 = Debug|Any CPU
		{F2B6D15B-252A-48C9-B20D-1116D6671731}.Debug|iPhoneSimulator.ActiveCfg = Debug|Any CPU
		{F2B6D15B-252A-48C9-B20D-1116D6671731}.Debug|iPhoneSimulator.Build.0 = Debug|Any CPU
		{F2B6D15B-252A-48C9-B20D-1116D6671731}.Release|Any CPU.ActiveCfg = Release|Any CPU
		{F2B6D15B-252A-48C9-B20D-1116D6671731}.Release|Any CPU.Build.0 = Release|Any CPU
		{F2B6D15B-252A-48C9-B20D-1116D6671731}.Release|iPhone.ActiveCfg = Release|Any CPU
		{F2B6D15B-252A-48C9-B20D-1116D6671731}.Release|iPhone.Build.0 = Release|Any CPU
		{F2B6D15B-252A-48C9-B20D-1116D6671731}.Release|iPhoneSimulator.ActiveCfg = Release|Any CPU
		{F2B6D15B-252A-48C9-B20D-1116D6671731}.Release|iPhoneSimulator.Build.0 = Release|Any CPU
		{EDC9A849-42FC-49FA-87EB-5297C9EF8D1A}.Debug|Any CPU.ActiveCfg = Debug|Any CPU
		{EDC9A849-42FC-49FA-87EB-5297C9EF8D1A}.Debug|Any CPU.Build.0 = Debug|Any CPU
		{EDC9A849-42FC-49FA-87EB-5297C9EF8D1A}.Debug|iPhone.ActiveCfg = Debug|Any CPU
		{EDC9A849-42FC-49FA-87EB-5297C9EF8D1A}.Debug|iPhone.Build.0 = Debug|Any CPU
		{EDC9A849-42FC-49FA-87EB-5297C9EF8D1A}.Debug|iPhoneSimulator.ActiveCfg = Debug|Any CPU
		{EDC9A849-42FC-49FA-87EB-5297C9EF8D1A}.Debug|iPhoneSimulator.Build.0 = Debug|Any CPU
		{EDC9A849-42FC-49FA-87EB-5297C9EF8D1A}.Release|Any CPU.ActiveCfg = Release|Any CPU
		{EDC9A849-42FC-49FA-87EB-5297C9EF8D1A}.Release|Any CPU.Build.0 = Release|Any CPU
		{EDC9A849-42FC-49FA-87EB-5297C9EF8D1A}.Release|iPhone.ActiveCfg = Release|Any CPU
		{EDC9A849-42FC-49FA-87EB-5297C9EF8D1A}.Release|iPhone.Build.0 = Release|Any CPU
		{EDC9A849-42FC-49FA-87EB-5297C9EF8D1A}.Release|iPhoneSimulator.ActiveCfg = Release|Any CPU
		{EDC9A849-42FC-49FA-87EB-5297C9EF8D1A}.Release|iPhoneSimulator.Build.0 = Release|Any CPU
		{593DAADD-39E1-4971-8890-14BBA1EC0502}.Debug|Any CPU.ActiveCfg = Debug|Any CPU
		{593DAADD-39E1-4971-8890-14BBA1EC0502}.Debug|Any CPU.Build.0 = Debug|Any CPU
		{593DAADD-39E1-4971-8890-14BBA1EC0502}.Debug|iPhone.ActiveCfg = Debug|Any CPU
		{593DAADD-39E1-4971-8890-14BBA1EC0502}.Debug|iPhone.Build.0 = Debug|Any CPU
		{593DAADD-39E1-4971-8890-14BBA1EC0502}.Debug|iPhoneSimulator.ActiveCfg = Debug|Any CPU
		{593DAADD-39E1-4971-8890-14BBA1EC0502}.Debug|iPhoneSimulator.Build.0 = Debug|Any CPU
		{593DAADD-39E1-4971-8890-14BBA1EC0502}.Release|Any CPU.ActiveCfg = Release|Any CPU
		{593DAADD-39E1-4971-8890-14BBA1EC0502}.Release|Any CPU.Build.0 = Release|Any CPU
		{593DAADD-39E1-4971-8890-14BBA1EC0502}.Release|iPhone.ActiveCfg = Release|Any CPU
		{593DAADD-39E1-4971-8890-14BBA1EC0502}.Release|iPhone.Build.0 = Release|Any CPU
		{593DAADD-39E1-4971-8890-14BBA1EC0502}.Release|iPhoneSimulator.ActiveCfg = Release|Any CPU
		{593DAADD-39E1-4971-8890-14BBA1EC0502}.Release|iPhoneSimulator.Build.0 = Release|Any CPU
		{6641CFA3-5305-49F7-B39D-6495FB9EDA9A}.Debug|Any CPU.ActiveCfg = Debug|Any CPU
		{6641CFA3-5305-49F7-B39D-6495FB9EDA9A}.Debug|Any CPU.Build.0 = Debug|Any CPU
		{6641CFA3-5305-49F7-B39D-6495FB9EDA9A}.Debug|Any CPU.Deploy.0 = Debug|Any CPU
		{6641CFA3-5305-49F7-B39D-6495FB9EDA9A}.Debug|iPhone.ActiveCfg = Debug|Any CPU
		{6641CFA3-5305-49F7-B39D-6495FB9EDA9A}.Debug|iPhoneSimulator.ActiveCfg = Debug|Any CPU
		{6641CFA3-5305-49F7-B39D-6495FB9EDA9A}.Debug|iPhoneSimulator.Build.0 = Debug|Any CPU
		{6641CFA3-5305-49F7-B39D-6495FB9EDA9A}.Debug|iPhoneSimulator.Deploy.0 = Debug|Any CPU
		{6641CFA3-5305-49F7-B39D-6495FB9EDA9A}.Release|Any CPU.ActiveCfg = Release|Any CPU
		{6641CFA3-5305-49F7-B39D-6495FB9EDA9A}.Release|Any CPU.Build.0 = Release|Any CPU
		{6641CFA3-5305-49F7-B39D-6495FB9EDA9A}.Release|Any CPU.Deploy.0 = Release|Any CPU
		{6641CFA3-5305-49F7-B39D-6495FB9EDA9A}.Release|iPhone.ActiveCfg = Release|Any CPU
		{6641CFA3-5305-49F7-B39D-6495FB9EDA9A}.Release|iPhone.Build.0 = Release|Any CPU
		{6641CFA3-5305-49F7-B39D-6495FB9EDA9A}.Release|iPhone.Deploy.0 = Release|Any CPU
		{6641CFA3-5305-49F7-B39D-6495FB9EDA9A}.Release|iPhoneSimulator.ActiveCfg = Release|Any CPU
		{6641CFA3-5305-49F7-B39D-6495FB9EDA9A}.Release|iPhoneSimulator.Build.0 = Release|Any CPU
		{6641CFA3-5305-49F7-B39D-6495FB9EDA9A}.Release|iPhoneSimulator.Deploy.0 = Release|Any CPU
		{AEACAE92-8FE2-4E58-8394-93ABF8B0DC64}.Debug|Any CPU.ActiveCfg = Debug|iPhone
		{AEACAE92-8FE2-4E58-8394-93ABF8B0DC64}.Debug|iPhone.ActiveCfg = Debug|iPhone
		{AEACAE92-8FE2-4E58-8394-93ABF8B0DC64}.Debug|iPhone.Build.0 = Debug|iPhone
		{AEACAE92-8FE2-4E58-8394-93ABF8B0DC64}.Debug|iPhone.Deploy.0 = Debug|iPhone
		{AEACAE92-8FE2-4E58-8394-93ABF8B0DC64}.Debug|iPhoneSimulator.ActiveCfg = Debug|iPhoneSimulator
		{AEACAE92-8FE2-4E58-8394-93ABF8B0DC64}.Debug|iPhoneSimulator.Build.0 = Debug|iPhoneSimulator
		{AEACAE92-8FE2-4E58-8394-93ABF8B0DC64}.Release|Any CPU.ActiveCfg = Release|iPhone
		{AEACAE92-8FE2-4E58-8394-93ABF8B0DC64}.Release|iPhone.ActiveCfg = Release|iPhone
		{AEACAE92-8FE2-4E58-8394-93ABF8B0DC64}.Release|iPhone.Build.0 = Release|iPhone
		{AEACAE92-8FE2-4E58-8394-93ABF8B0DC64}.Release|iPhoneSimulator.ActiveCfg = Release|iPhoneSimulator
		{AEACAE92-8FE2-4E58-8394-93ABF8B0DC64}.Release|iPhoneSimulator.Build.0 = Release|iPhoneSimulator
		{05B347B3-8A65-48C3-BA5E-30C80AF99597}.Debug|Any CPU.ActiveCfg = Debug|Any CPU
		{05B347B3-8A65-48C3-BA5E-30C80AF99597}.Debug|Any CPU.Build.0 = Debug|Any CPU
		{05B347B3-8A65-48C3-BA5E-30C80AF99597}.Debug|iPhone.ActiveCfg = Debug|Any CPU
		{05B347B3-8A65-48C3-BA5E-30C80AF99597}.Debug|iPhone.Build.0 = Debug|Any CPU
		{05B347B3-8A65-48C3-BA5E-30C80AF99597}.Debug|iPhoneSimulator.ActiveCfg = Debug|Any CPU
		{05B347B3-8A65-48C3-BA5E-30C80AF99597}.Debug|iPhoneSimulator.Build.0 = Debug|Any CPU
		{05B347B3-8A65-48C3-BA5E-30C80AF99597}.Release|Any CPU.ActiveCfg = Release|Any CPU
		{05B347B3-8A65-48C3-BA5E-30C80AF99597}.Release|Any CPU.Build.0 = Release|Any CPU
		{05B347B3-8A65-48C3-BA5E-30C80AF99597}.Release|iPhone.ActiveCfg = Release|Any CPU
		{05B347B3-8A65-48C3-BA5E-30C80AF99597}.Release|iPhone.Build.0 = Release|Any CPU
		{05B347B3-8A65-48C3-BA5E-30C80AF99597}.Release|iPhoneSimulator.ActiveCfg = Release|Any CPU
		{05B347B3-8A65-48C3-BA5E-30C80AF99597}.Release|iPhoneSimulator.Build.0 = Release|Any CPU
		{5549BCD6-A213-463D-8E66-714001D974E1}.Debug|Any CPU.ActiveCfg = Debug|Any CPU
		{5549BCD6-A213-463D-8E66-714001D974E1}.Debug|Any CPU.Build.0 = Debug|Any CPU
		{5549BCD6-A213-463D-8E66-714001D974E1}.Debug|iPhone.ActiveCfg = Debug|Any CPU
		{5549BCD6-A213-463D-8E66-714001D974E1}.Debug|iPhone.Build.0 = Debug|Any CPU
		{5549BCD6-A213-463D-8E66-714001D974E1}.Debug|iPhoneSimulator.ActiveCfg = Debug|Any CPU
		{5549BCD6-A213-463D-8E66-714001D974E1}.Debug|iPhoneSimulator.Build.0 = Debug|Any CPU
		{5549BCD6-A213-463D-8E66-714001D974E1}.Release|Any CPU.ActiveCfg = Release|Any CPU
		{5549BCD6-A213-463D-8E66-714001D974E1}.Release|Any CPU.Build.0 = Release|Any CPU
		{5549BCD6-A213-463D-8E66-714001D974E1}.Release|iPhone.ActiveCfg = Release|Any CPU
		{5549BCD6-A213-463D-8E66-714001D974E1}.Release|iPhone.Build.0 = Release|Any CPU
		{5549BCD6-A213-463D-8E66-714001D974E1}.Release|iPhoneSimulator.ActiveCfg = Release|Any CPU
		{5549BCD6-A213-463D-8E66-714001D974E1}.Release|iPhoneSimulator.Build.0 = Release|Any CPU
		{6CDB008A-1D8B-4953-9995-70EA9C63414B}.Debug|Any CPU.ActiveCfg = Debug|Any CPU
		{6CDB008A-1D8B-4953-9995-70EA9C63414B}.Debug|Any CPU.Build.0 = Debug|Any CPU
		{6CDB008A-1D8B-4953-9995-70EA9C63414B}.Debug|iPhone.ActiveCfg = Debug|Any CPU
		{6CDB008A-1D8B-4953-9995-70EA9C63414B}.Debug|iPhone.Build.0 = Debug|Any CPU
		{6CDB008A-1D8B-4953-9995-70EA9C63414B}.Debug|iPhoneSimulator.ActiveCfg = Debug|Any CPU
		{6CDB008A-1D8B-4953-9995-70EA9C63414B}.Debug|iPhoneSimulator.Build.0 = Debug|Any CPU
		{6CDB008A-1D8B-4953-9995-70EA9C63414B}.Release|Any CPU.ActiveCfg = Release|Any CPU
		{6CDB008A-1D8B-4953-9995-70EA9C63414B}.Release|Any CPU.Build.0 = Release|Any CPU
		{6CDB008A-1D8B-4953-9995-70EA9C63414B}.Release|iPhone.ActiveCfg = Release|Any CPU
		{6CDB008A-1D8B-4953-9995-70EA9C63414B}.Release|iPhone.Build.0 = Release|Any CPU
		{6CDB008A-1D8B-4953-9995-70EA9C63414B}.Release|iPhoneSimulator.ActiveCfg = Release|Any CPU
		{6CDB008A-1D8B-4953-9995-70EA9C63414B}.Release|iPhoneSimulator.Build.0 = Release|Any CPU
	EndGlobalSection
	GlobalSection(SolutionProperties) = preSolution
		HideSolutionNode = FALSE
	EndGlobalSection
	GlobalSection(NestedProjects) = preSolution
		{05243199-5F2F-4740-9D21-0BFDB48AB61D} = {AACEE763-2297-4993-A91D-E2D21788B1C1}
		{C99B6611-73D8-43D9-8C6B-0A7910359C87} = {A37C7BFA-CE3F-409C-B980-A0C31CC22AB7}
		{4A30CEB9-93E2-46A9-8D6C-EA5E6D164F38} = {51A6DBEC-8B7F-413C-A1F9-486340283779}
		{E6992C7C-67D1-4664-B7AD-BFA8E116DBC9} = {0CA8B278-896C-4D5D-9829-A4A9E92F166D}
		{F2B6D15B-252A-48C9-B20D-1116D6671731} = {40C8CD07-6D58-4D90-8F44-F1226A0E1149}
		{51A6DBEC-8B7F-413C-A1F9-486340283779} = {0CA8B278-896C-4D5D-9829-A4A9E92F166D}
		{A37C7BFA-CE3F-409C-B980-A0C31CC22AB7} = {0CA8B278-896C-4D5D-9829-A4A9E92F166D}
		{40C8CD07-6D58-4D90-8F44-F1226A0E1149} = {0CA8B278-896C-4D5D-9829-A4A9E92F166D}
		{EDC9A849-42FC-49FA-87EB-5297C9EF8D1A} = {EDB7982A-CB03-4719-B5C3-C042DE098DEA}
		{593DAADD-39E1-4971-8890-14BBA1EC0502} = {1F8F6A7B-7261-421E-A0FA-9CEC93FA73D2}
		{6641CFA3-5305-49F7-B39D-6495FB9EDA9A} = {1F8F6A7B-7261-421E-A0FA-9CEC93FA73D2}
		{AEACAE92-8FE2-4E58-8394-93ABF8B0DC64} = {1F8F6A7B-7261-421E-A0FA-9CEC93FA73D2}
		{5549BCD6-A213-463D-8E66-714001D974E1} = {7780DE6F-1053-49D0-9B64-4E6E4F2B817B}
		{6CDB008A-1D8B-4953-9995-70EA9C63414B} = {EDB7982A-CB03-4719-B5C3-C042DE098DEA}
	EndGlobalSection
	GlobalSection(ExtensibilityGlobals) = postSolution
		SolutionGuid = {F589217B-63E0-4D01-A5BE-8DC266096C9F}
	EndGlobalSection
EndGlobal
