
Microsoft Visual Studio Solution File, Format Version 12.00
# Visual Studio Version 16
VisualStudioVersion = 16.0.28714.193
MinimumVisualStudioVersion = 10.0.40219.1
Project("{9A19103F-16F7-4668-BE54-9A1E7A4F7556}") = "BlazorGmail", "BlazorGmail\BlazorGmail.csproj", "{B302E091-2F12-4E61-8D6A-229C8F960D71}"
EndProject
Global
	GlobalSection(SolutionConfigurationPlatforms) = preSolution
		Debug|Any CPU = Debug|Any CPU
		Release|Any CPU = Release|Any CPU
	EndGlobalSection
	GlobalSection(ProjectConfigurationPlatforms) = postSolution
		{B302E091-2F12-4E61-8D6A-229C8F960D71}.Debug|Any CPU.ActiveCfg = Debug|Any CPU
		{B302E091-2F12-4E61-8D6A-229C8F960D71}.Debug|Any CPU.Build.0 = Debug|Any CPU
		{B302E091-2F12-4E61-8D6A-229C8F960D71}.Release|Any CPU.ActiveCfg = Release|Any CPU
		{B302E091-2F12-4E61-8D6A-229C8F960D71}.Release|Any CPU.Build.0 = Release|Any CPU
	EndGlobalSection
	GlobalSection(SolutionProperties) = preSolution
		HideSolutionNode = FALSE
	EndGlobalSection
	GlobalSection(ExtensibilityGlobals) = postSolution
		SolutionGuid = {09140DAB-580B-429D-AFFF-6A938FE900C5}
	EndGlobalSection
EndGlobal
